
Microsoft Visual Studio Solution File, Format Version 12.00
# Visual Studio Version 17
VisualStudioVersion = 17.8.34330.188
MinimumVisualStudioVersion = 10.0.40219.1
Project("{FAE04EC0-301F-11D3-BF4B-00C04F79EFBC}") = "Kursova", "Kursova\Kursova.csproj", "{712D7E9E-8E5E-42DD-8333-0E0ACB9D2A48}"
EndProject
Global
	GlobalSection(SolutionConfigurationPlatforms) = preSolution
		Debug|Any CPU = Debug|Any CPU
		Release|Any CPU = Release|Any CPU
	EndGlobalSection
	GlobalSection(ProjectConfigurationPlatforms) = postSolution
		{712D7E9E-8E5E-42DD-8333-0E0ACB9D2A48}.Debug|Any CPU.ActiveCfg = Debug|Any CPU
		{712D7E9E-8E5E-42DD-8333-0E0ACB9D2A48}.Debug|Any CPU.Build.0 = Debug|Any CPU
		{712D7E9E-8E5E-42DD-8333-0E0ACB9D2A48}.Release|Any CPU.ActiveCfg = Release|Any CPU
		{712D7E9E-8E5E-42DD-8333-0E0ACB9D2A48}.Release|Any CPU.Build.0 = Release|Any CPU
	EndGlobalSection
	GlobalSection(SolutionProperties) = preSolution
		HideSolutionNode = FALSE
	EndGlobalSection
	GlobalSection(ExtensibilityGlobals) = postSolution
		SolutionGuid = {2213D4D2-5B36-4D5B-AFD9-60AC289DF97B}
	EndGlobalSection
EndGlobal
